// !$*UTF8*$!
{
	archiveVersion = 1;
	classes = {
	};
	objectVersion = 56;
	objects = {

/* Begin PBXBuildFile section */
		3A08C7362A501D800085131B /* MainVC.swift in Sources */ = {isa = PBXBuildFile; fileRef = 3A08C7352A501D800085131B /* MainVC.swift */; };
		3A0D7CA22A5151600061E3A5 /* CharactersVC.swift in Sources */ = {isa = PBXBuildFile; fileRef = 3A0D7CA12A5151600061E3A5 /* CharactersVC.swift */; };
		3A0D7CA42A51B5FF0061E3A5 /* SeriesVC.swift in Sources */ = {isa = PBXBuildFile; fileRef = 3A0D7CA32A51B5FF0061E3A5 /* SeriesVC.swift */; };
		3A0D7CA62A51B6270061E3A5 /* EventsVC.swift in Sources */ = {isa = PBXBuildFile; fileRef = 3A0D7CA52A51B6270061E3A5 /* EventsVC.swift */; };
		3A0D7CA92A51D4260061E3A5 /* ComicCell.swift in Sources */ = {isa = PBXBuildFile; fileRef = 3A0D7CA82A51D4260061E3A5 /* ComicCell.swift */; };
		3A3A1EBA2A570C1000B1441F /* ComicsVC.swift in Sources */ = {isa = PBXBuildFile; fileRef = 3A3A1EB92A570C1000B1441F /* ComicsVC.swift */; };
		3A3A1EBC2A572CC000B1441F /* ModelTextManager.swift in Sources */ = {isa = PBXBuildFile; fileRef = 3A3A1EBB2A572CC000B1441F /* ModelTextManager.swift */; };
		3A3A1EBE2A572D5800B1441F /* ModelDateManager.swift in Sources */ = {isa = PBXBuildFile; fileRef = 3A3A1EBD2A572D5800B1441F /* ModelDateManager.swift */; };
		3A3A1EC02A572DBE00B1441F /* ModelImageManager.swift in Sources */ = {isa = PBXBuildFile; fileRef = 3A3A1EBF2A572DBE00B1441F /* ModelImageManager.swift */; };
		3A416F7E2A55308200C09C00 /* Series.swift in Sources */ = {isa = PBXBuildFile; fileRef = 3A416F7D2A55308200C09C00 /* Series.swift */; };
		3A416F802A5531B600C09C00 /* CommonAPIData.swift in Sources */ = {isa = PBXBuildFile; fileRef = 3A416F7F2A5531B600C09C00 /* CommonAPIData.swift */; };
		3A416F822A553A5100C09C00 /* SeriesCell.swift in Sources */ = {isa = PBXBuildFile; fileRef = 3A416F812A553A5100C09C00 /* SeriesCell.swift */; };
		3A416F842A55881100C09C00 /* SeriesDetailsVC.swift in Sources */ = {isa = PBXBuildFile; fileRef = 3A416F832A55881100C09C00 /* SeriesDetailsVC.swift */; };
		3A6FA40F2A4F1C2C001C104E /* AppDelegate.swift in Sources */ = {isa = PBXBuildFile; fileRef = 3A6FA40E2A4F1C2C001C104E /* AppDelegate.swift */; };
		3A6FA4112A4F1C2C001C104E /* SceneDelegate.swift in Sources */ = {isa = PBXBuildFile; fileRef = 3A6FA4102A4F1C2C001C104E /* SceneDelegate.swift */; };
		3A6FA4182A4F1C2E001C104E /* Assets.xcassets in Resources */ = {isa = PBXBuildFile; fileRef = 3A6FA4172A4F1C2E001C104E /* Assets.xcassets */; };
		3A6FA41B2A4F1C2E001C104E /* LaunchScreen.storyboard in Resources */ = {isa = PBXBuildFile; fileRef = 3A6FA4192A4F1C2E001C104E /* LaunchScreen.storyboard */; };
		3AB85B952A57D3850099471B /* Character.swift in Sources */ = {isa = PBXBuildFile; fileRef = 3AB85B942A57D3850099471B /* Character.swift */; };
		3AB85B972A57D5980099471B /* CharacterCell.swift in Sources */ = {isa = PBXBuildFile; fileRef = 3AB85B962A57D5970099471B /* CharacterCell.swift */; };
		3AB85B992A5854170099471B /* CharacterDetailsVC.swift in Sources */ = {isa = PBXBuildFile; fileRef = 3AB85B982A5854170099471B /* CharacterDetailsVC.swift */; };
		3AC40C912A52D6BF001A97EB /* Comics.swift in Sources */ = {isa = PBXBuildFile; fileRef = 3AC40C902A52D6BF001A97EB /* Comics.swift */; };
		3AC40C952A53219C001A97EB /* ComicDetailsVC.swift in Sources */ = {isa = PBXBuildFile; fileRef = 3AC40C942A53219C001A97EB /* ComicDetailsVC.swift */; };
		3AC40C972A533A47001A97EB /* ComicImageCell.swift in Sources */ = {isa = PBXBuildFile; fileRef = 3AC40C962A533A47001A97EB /* ComicImageCell.swift */; };
		3ACED5812A59177F00EF12BE /* Events.swift in Sources */ = {isa = PBXBuildFile; fileRef = 3ACED5802A59177F00EF12BE /* Events.swift */; };
		3ACED5832A591D3D00EF12BE /* EventCell.swift in Sources */ = {isa = PBXBuildFile; fileRef = 3ACED5822A591D3D00EF12BE /* EventCell.swift */; };
		3ACED5852A591E8600EF12BE /* EventDetailsVC.swift in Sources */ = {isa = PBXBuildFile; fileRef = 3ACED5842A591E8600EF12BE /* EventDetailsVC.swift */; };
		3AD680A02A4FF2090080D6DD /* APIConfig.swift in Sources */ = {isa = PBXBuildFile; fileRef = 3AD6809F2A4FF2090080D6DD /* APIConfig.swift */; };
		3AF057D82A53D8CC009C506B /* URLManager.swift in Sources */ = {isa = PBXBuildFile; fileRef = 3AF057D72A53D8CC009C506B /* URLManager.swift */; };
/* End PBXBuildFile section */

/* Begin PBXFileReference section */
		3A08C7352A501D800085131B /* MainVC.swift */ = {isa = PBXFileReference; lastKnownFileType = sourcecode.swift; path = MainVC.swift; sourceTree = "<group>"; };
		3A0D7CA12A5151600061E3A5 /* CharactersVC.swift */ = {isa = PBXFileReference; lastKnownFileType = sourcecode.swift; path = CharactersVC.swift; sourceTree = "<group>"; };
		3A0D7CA32A51B5FF0061E3A5 /* SeriesVC.swift */ = {isa = PBXFileReference; lastKnownFileType = sourcecode.swift; path = SeriesVC.swift; sourceTree = "<group>"; };
		3A0D7CA52A51B6270061E3A5 /* EventsVC.swift */ = {isa = PBXFileReference; lastKnownFileType = sourcecode.swift; path = EventsVC.swift; sourceTree = "<group>"; };
		3A0D7CA82A51D4260061E3A5 /* ComicCell.swift */ = {isa = PBXFileReference; lastKnownFileType = sourcecode.swift; path = ComicCell.swift; sourceTree = "<group>"; };
		3A3A1EB92A570C1000B1441F /* ComicsVC.swift */ = {isa = PBXFileReference; lastKnownFileType = sourcecode.swift; path = ComicsVC.swift; sourceTree = "<group>"; };
		3A3A1EBB2A572CC000B1441F /* ModelTextManager.swift */ = {isa = PBXFileReference; lastKnownFileType = sourcecode.swift; path = ModelTextManager.swift; sourceTree = "<group>"; };
		3A3A1EBD2A572D5800B1441F /* ModelDateManager.swift */ = {isa = PBXFileReference; lastKnownFileType = sourcecode.swift; path = ModelDateManager.swift; sourceTree = "<group>"; };
		3A3A1EBF2A572DBE00B1441F /* ModelImageManager.swift */ = {isa = PBXFileReference; lastKnownFileType = sourcecode.swift; path = ModelImageManager.swift; sourceTree = "<group>"; };
		3A416F7D2A55308200C09C00 /* Series.swift */ = {isa = PBXFileReference; lastKnownFileType = sourcecode.swift; path = Series.swift; sourceTree = "<group>"; };
		3A416F7F2A5531B600C09C00 /* CommonAPIData.swift */ = {isa = PBXFileReference; lastKnownFileType = sourcecode.swift; path = CommonAPIData.swift; sourceTree = "<group>"; };
		3A416F812A553A5100C09C00 /* SeriesCell.swift */ = {isa = PBXFileReference; lastKnownFileType = sourcecode.swift; path = SeriesCell.swift; sourceTree = "<group>"; };
		3A416F832A55881100C09C00 /* SeriesDetailsVC.swift */ = {isa = PBXFileReference; lastKnownFileType = sourcecode.swift; path = SeriesDetailsVC.swift; sourceTree = "<group>"; };
		3A6FA40B2A4F1C2C001C104E /* MarvelVerse.app */ = {isa = PBXFileReference; explicitFileType = wrapper.application; includeInIndex = 0; path = MarvelVerse.app; sourceTree = BUILT_PRODUCTS_DIR; };
		3A6FA40E2A4F1C2C001C104E /* AppDelegate.swift */ = {isa = PBXFileReference; lastKnownFileType = sourcecode.swift; path = AppDelegate.swift; sourceTree = "<group>"; };
		3A6FA4102A4F1C2C001C104E /* SceneDelegate.swift */ = {isa = PBXFileReference; lastKnownFileType = sourcecode.swift; path = SceneDelegate.swift; sourceTree = "<group>"; };
		3A6FA4172A4F1C2E001C104E /* Assets.xcassets */ = {isa = PBXFileReference; lastKnownFileType = folder.assetcatalog; path = Assets.xcassets; sourceTree = "<group>"; };
		3A6FA41A2A4F1C2E001C104E /* Base */ = {isa = PBXFileReference; lastKnownFileType = file.storyboard; name = Base; path = Base.lproj/LaunchScreen.storyboard; sourceTree = "<group>"; };
		3A6FA41C2A4F1C2E001C104E /* Info.plist */ = {isa = PBXFileReference; lastKnownFileType = text.plist.xml; path = Info.plist; sourceTree = "<group>"; };
		3AB85B942A57D3850099471B /* Character.swift */ = {isa = PBXFileReference; lastKnownFileType = sourcecode.swift; path = Character.swift; sourceTree = "<group>"; };
		3AB85B962A57D5970099471B /* CharacterCell.swift */ = {isa = PBXFileReference; lastKnownFileType = sourcecode.swift; path = CharacterCell.swift; sourceTree = "<group>"; };
		3AB85B982A5854170099471B /* CharacterDetailsVC.swift */ = {isa = PBXFileReference; lastKnownFileType = sourcecode.swift; path = CharacterDetailsVC.swift; sourceTree = "<group>"; };
		3AC40C902A52D6BF001A97EB /* Comics.swift */ = {isa = PBXFileReference; lastKnownFileType = sourcecode.swift; path = Comics.swift; sourceTree = "<group>"; };
		3AC40C942A53219C001A97EB /* ComicDetailsVC.swift */ = {isa = PBXFileReference; lastKnownFileType = sourcecode.swift; path = ComicDetailsVC.swift; sourceTree = "<group>"; };
		3AC40C962A533A47001A97EB /* ComicImageCell.swift */ = {isa = PBXFileReference; lastKnownFileType = sourcecode.swift; path = ComicImageCell.swift; sourceTree = "<group>"; };
		3ACED5802A59177F00EF12BE /* Events.swift */ = {isa = PBXFileReference; lastKnownFileType = sourcecode.swift; path = Events.swift; sourceTree = "<group>"; };
		3ACED5822A591D3D00EF12BE /* EventCell.swift */ = {isa = PBXFileReference; lastKnownFileType = sourcecode.swift; path = EventCell.swift; sourceTree = "<group>"; };
		3ACED5842A591E8600EF12BE /* EventDetailsVC.swift */ = {isa = PBXFileReference; lastKnownFileType = sourcecode.swift; path = EventDetailsVC.swift; sourceTree = "<group>"; };
		3AD6809F2A4FF2090080D6DD /* APIConfig.swift */ = {isa = PBXFileReference; lastKnownFileType = sourcecode.swift; path = APIConfig.swift; sourceTree = "<group>"; };
		3AF057D72A53D8CC009C506B /* URLManager.swift */ = {isa = PBXFileReference; lastKnownFileType = sourcecode.swift; path = URLManager.swift; sourceTree = "<group>"; };
/* End PBXFileReference section */

/* Begin PBXFrameworksBuildPhase section */
		3A6FA4082A4F1C2C001C104E /* Frameworks */ = {
			isa = PBXFrameworksBuildPhase;
			buildActionMask = 2147483647;
			files = (
			);
			runOnlyForDeploymentPostprocessing = 0;
		};
/* End PBXFrameworksBuildPhase section */

/* Begin PBXGroup section */
		3A08C7372A501DA50085131B /* Views */ = {
			isa = PBXGroup;
			children = (
				3AC40C922A532175001A97EB /* Pages */,
				3AC40C932A53217C001A97EB /* Details */,
			);
			path = Views;
			sourceTree = "<group>";
		};
		3A0D7CA72A51D40F0061E3A5 /* Cells */ = {
			isa = PBXGroup;
			children = (
				3A0D7CA82A51D4260061E3A5 /* ComicCell.swift */,
				3AC40C962A533A47001A97EB /* ComicImageCell.swift */,
				3A416F812A553A5100C09C00 /* SeriesCell.swift */,
				3AB85B962A57D5970099471B /* CharacterCell.swift */,
				3ACED5822A591D3D00EF12BE /* EventCell.swift */,
			);
			path = Cells;
			sourceTree = "<group>";
		};
		3A6FA4022A4F1C2C001C104E = {
			isa = PBXGroup;
			children = (
				3AD6809F2A4FF2090080D6DD /* APIConfig.swift */,
				3A6FA40D2A4F1C2C001C104E /* MarvelVerse */,
				3A6FA40C2A4F1C2C001C104E /* Products */,
			);
			sourceTree = "<group>";
		};
		3A6FA40C2A4F1C2C001C104E /* Products */ = {
			isa = PBXGroup;
			children = (
				3A6FA40B2A4F1C2C001C104E /* MarvelVerse.app */,
			);
			name = Products;
			sourceTree = "<group>";
		};
		3A6FA40D2A4F1C2C001C104E /* MarvelVerse */ = {
			isa = PBXGroup;
			children = (
				3A6FA4222A4F2054001C104E /* Delegates */,
				3A6FA4262A4F209C001C104E /* Main */,
				3AF057D62A53D8B5009C506B /* Managers */,
				3A6FA4232A4F2072001C104E /* Media */,
				3A6FA41C2A4F1C2E001C104E /* Info.plist */,
			);
			path = MarvelVerse;
			sourceTree = "<group>";
		};
		3A6FA4222A4F2054001C104E /* Delegates */ = {
			isa = PBXGroup;
			children = (
				3A6FA40E2A4F1C2C001C104E /* AppDelegate.swift */,
				3A6FA4102A4F1C2C001C104E /* SceneDelegate.swift */,
			);
			path = Delegates;
			sourceTree = "<group>";
		};
		3A6FA4232A4F2072001C104E /* Media */ = {
			isa = PBXGroup;
			children = (
				3A6FA4172A4F1C2E001C104E /* Assets.xcassets */,
				3A6FA4192A4F1C2E001C104E /* LaunchScreen.storyboard */,
			);
			path = Media;
			sourceTree = "<group>";
		};
		3A6FA4262A4F209C001C104E /* Main */ = {
			isa = PBXGroup;
			children = (
				3A08C7352A501D800085131B /* MainVC.swift */,
				3A08C7372A501DA50085131B /* Views */,
				3A0D7CA72A51D40F0061E3A5 /* Cells */,
				3AC40C892A52C415001A97EB /* Objects */,
			);
			path = Main;
			sourceTree = "<group>";
		};
		3AC40C892A52C415001A97EB /* Objects */ = {
			isa = PBXGroup;
			children = (
				3AC40C902A52D6BF001A97EB /* Comics.swift */,
				3A416F7D2A55308200C09C00 /* Series.swift */,
				3A416F7F2A5531B600C09C00 /* CommonAPIData.swift */,
				3AB85B942A57D3850099471B /* Character.swift */,
				3ACED5802A59177F00EF12BE /* Events.swift */,
			);
			path = Objects;
			sourceTree = "<group>";
		};
		3AC40C922A532175001A97EB /* Pages */ = {
			isa = PBXGroup;
			children = (
				3A3A1EB92A570C1000B1441F /* ComicsVC.swift */,
				3A0D7CA12A5151600061E3A5 /* CharactersVC.swift */,
				3A0D7CA32A51B5FF0061E3A5 /* SeriesVC.swift */,
				3A0D7CA52A51B6270061E3A5 /* EventsVC.swift */,
			);
			path = Pages;
			sourceTree = "<group>";
		};
		3AC40C932A53217C001A97EB /* Details */ = {
			isa = PBXGroup;
			children = (
				3AC40C942A53219C001A97EB /* ComicDetailsVC.swift */,
				3A416F832A55881100C09C00 /* SeriesDetailsVC.swift */,
				3AB85B982A5854170099471B /* CharacterDetailsVC.swift */,
				3ACED5842A591E8600EF12BE /* EventDetailsVC.swift */,
			);
			path = Details;
			sourceTree = "<group>";
		};
		3AF057D62A53D8B5009C506B /* Managers */ = {
			isa = PBXGroup;
			children = (
				3AF057D72A53D8CC009C506B /* URLManager.swift */,
				3A3A1EBB2A572CC000B1441F /* ModelTextManager.swift */,
				3A3A1EBD2A572D5800B1441F /* ModelDateManager.swift */,
				3A3A1EBF2A572DBE00B1441F /* ModelImageManager.swift */,
			);
			path = Managers;
			sourceTree = "<group>";
		};
/* End PBXGroup section */

/* Begin PBXNativeTarget section */
		3A6FA40A2A4F1C2C001C104E /* MarvelVerse */ = {
			isa = PBXNativeTarget;
			buildConfigurationList = 3A6FA41F2A4F1C2E001C104E /* Build configuration list for PBXNativeTarget "MarvelVerse" */;
			buildPhases = (
				3A6FA4072A4F1C2C001C104E /* Sources */,
				3A6FA4082A4F1C2C001C104E /* Frameworks */,
				3A6FA4092A4F1C2C001C104E /* Resources */,
			);
			buildRules = (
			);
			dependencies = (
			);
			name = MarvelVerse;
			productName = MarvelVerse;
			productReference = 3A6FA40B2A4F1C2C001C104E /* MarvelVerse.app */;
			productType = "com.apple.product-type.application";
		};
/* End PBXNativeTarget section */

/* Begin PBXProject section */
		3A6FA4032A4F1C2C001C104E /* Project object */ = {
			isa = PBXProject;
			attributes = {
				BuildIndependentTargetsInParallel = 1;
				LastSwiftUpdateCheck = 1430;
				LastUpgradeCheck = 1430;
				TargetAttributes = {
					3A6FA40A2A4F1C2C001C104E = {
						CreatedOnToolsVersion = 14.3.1;
					};
				};
			};
			buildConfigurationList = 3A6FA4062A4F1C2C001C104E /* Build configuration list for PBXProject "MarvelVerse" */;
			compatibilityVersion = "Xcode 14.0";
			developmentRegion = en;
			hasScannedForEncodings = 0;
			knownRegions = (
				en,
				Base,
			);
			mainGroup = 3A6FA4022A4F1C2C001C104E;
			productRefGroup = 3A6FA40C2A4F1C2C001C104E /* Products */;
			projectDirPath = "";
			projectRoot = "";
			targets = (
				3A6FA40A2A4F1C2C001C104E /* MarvelVerse */,
			);
		};
/* End PBXProject section */

/* Begin PBXResourcesBuildPhase section */
		3A6FA4092A4F1C2C001C104E /* Resources */ = {
			isa = PBXResourcesBuildPhase;
			buildActionMask = 2147483647;
			files = (
				3A6FA41B2A4F1C2E001C104E /* LaunchScreen.storyboard in Resources */,
				3A6FA4182A4F1C2E001C104E /* Assets.xcassets in Resources */,
			);
			runOnlyForDeploymentPostprocessing = 0;
		};
/* End PBXResourcesBuildPhase section */

/* Begin PBXSourcesBuildPhase section */
		3A6FA4072A4F1C2C001C104E /* Sources */ = {
			isa = PBXSourcesBuildPhase;
			buildActionMask = 2147483647;
			files = (
				3A0D7CA22A5151600061E3A5 /* CharactersVC.swift in Sources */,
				3ACED5852A591E8600EF12BE /* EventDetailsVC.swift in Sources */,
				3A3A1EBC2A572CC000B1441F /* ModelTextManager.swift in Sources */,
				3A0D7CA42A51B5FF0061E3A5 /* SeriesVC.swift in Sources */,
				3AB85B972A57D5980099471B /* CharacterCell.swift in Sources */,
				3ACED5812A59177F00EF12BE /* Events.swift in Sources */,
				3A3A1EBE2A572D5800B1441F /* ModelDateManager.swift in Sources */,
				3A6FA40F2A4F1C2C001C104E /* AppDelegate.swift in Sources */,
				3A416F842A55881100C09C00 /* SeriesDetailsVC.swift in Sources */,
				3A3A1EBA2A570C1000B1441F /* ComicsVC.swift in Sources */,
				3AF057D82A53D8CC009C506B /* URLManager.swift in Sources */,
				3A0D7CA92A51D4260061E3A5 /* ComicCell.swift in Sources */,
				3AB85B952A57D3850099471B /* Character.swift in Sources */,
				3A08C7362A501D800085131B /* MainVC.swift in Sources */,
				3AB85B992A5854170099471B /* CharacterDetailsVC.swift in Sources */,
				3A416F822A553A5100C09C00 /* SeriesCell.swift in Sources */,
				3A416F7E2A55308200C09C00 /* Series.swift in Sources */,
				3AC40C952A53219C001A97EB /* ComicDetailsVC.swift in Sources */,
				3A416F802A5531B600C09C00 /* CommonAPIData.swift in Sources */,
				3AC40C912A52D6BF001A97EB /* Comics.swift in Sources */,
				3A0D7CA62A51B6270061E3A5 /* EventsVC.swift in Sources */,
				3ACED5832A591D3D00EF12BE /* EventCell.swift in Sources */,
				3AC40C972A533A47001A97EB /* ComicImageCell.swift in Sources */,
				3A3A1EC02A572DBE00B1441F /* ModelImageManager.swift in Sources */,
				3AD680A02A4FF2090080D6DD /* APIConfig.swift in Sources */,
				3A6FA4112A4F1C2C001C104E /* SceneDelegate.swift in Sources */,
			);
			runOnlyForDeploymentPostprocessing = 0;
		};
/* End PBXSourcesBuildPhase section */

/* Begin PBXVariantGroup section */
		3A6FA4192A4F1C2E001C104E /* LaunchScreen.storyboard */ = {
			isa = PBXVariantGroup;
			children = (
				3A6FA41A2A4F1C2E001C104E /* Base */,
			);
			name = LaunchScreen.storyboard;
			sourceTree = "<group>";
		};
/* End PBXVariantGroup section */

/* Begin XCBuildConfiguration section */
		3A6FA41D2A4F1C2E001C104E /* Debug */ = {
			isa = XCBuildConfiguration;
			buildSettings = {
				ALWAYS_SEARCH_USER_PATHS = NO;
				CLANG_ANALYZER_NONNULL = YES;
				CLANG_ANALYZER_NUMBER_OBJECT_CONVERSION = YES_AGGRESSIVE;
				CLANG_CXX_LANGUAGE_STANDARD = "gnu++20";
				CLANG_ENABLE_MODULES = YES;
				CLANG_ENABLE_OBJC_ARC = YES;
				CLANG_ENABLE_OBJC_WEAK = YES;
				CLANG_WARN_BLOCK_CAPTURE_AUTORELEASING = YES;
				CLANG_WARN_BOOL_CONVERSION = YES;
				CLANG_WARN_COMMA = YES;
				CLANG_WARN_CONSTANT_CONVERSION = YES;
				CLANG_WARN_DEPRECATED_OBJC_IMPLEMENTATIONS = YES;
				CLANG_WARN_DIRECT_OBJC_ISA_USAGE = YES_ERROR;
				CLANG_WARN_DOCUMENTATION_COMMENTS = YES;
				CLANG_WARN_EMPTY_BODY = YES;
				CLANG_WARN_ENUM_CONVERSION = YES;
				CLANG_WARN_INFINITE_RECURSION = YES;
				CLANG_WARN_INT_CONVERSION = YES;
				CLANG_WARN_NON_LITERAL_NULL_CONVERSION = YES;
				CLANG_WARN_OBJC_IMPLICIT_RETAIN_SELF = YES;
				CLANG_WARN_OBJC_LITERAL_CONVERSION = YES;
				CLANG_WARN_OBJC_ROOT_CLASS = YES_ERROR;
				CLANG_WARN_QUOTED_INCLUDE_IN_FRAMEWORK_HEADER = YES;
				CLANG_WARN_RANGE_LOOP_ANALYSIS = YES;
				CLANG_WARN_STRICT_PROTOTYPES = YES;
				CLANG_WARN_SUSPICIOUS_MOVE = YES;
				CLANG_WARN_UNGUARDED_AVAILABILITY = YES_AGGRESSIVE;
				CLANG_WARN_UNREACHABLE_CODE = YES;
				CLANG_WARN__DUPLICATE_METHOD_MATCH = YES;
				COPY_PHASE_STRIP = NO;
				DEBUG_INFORMATION_FORMAT = dwarf;
				ENABLE_STRICT_OBJC_MSGSEND = YES;
				ENABLE_TESTABILITY = YES;
				GCC_C_LANGUAGE_STANDARD = gnu11;
				GCC_DYNAMIC_NO_PIC = NO;
				GCC_NO_COMMON_BLOCKS = YES;
				GCC_OPTIMIZATION_LEVEL = 0;
				GCC_PREPROCESSOR_DEFINITIONS = (
					"DEBUG=1",
					"$(inherited)",
				);
				GCC_WARN_64_TO_32_BIT_CONVERSION = YES;
				GCC_WARN_ABOUT_RETURN_TYPE = YES_ERROR;
				GCC_WARN_UNDECLARED_SELECTOR = YES;
				GCC_WARN_UNINITIALIZED_AUTOS = YES_AGGRESSIVE;
				GCC_WARN_UNUSED_FUNCTION = YES;
				GCC_WARN_UNUSED_VARIABLE = YES;
				IPHONEOS_DEPLOYMENT_TARGET = 16.4;
				MTL_ENABLE_DEBUG_INFO = INCLUDE_SOURCE;
				MTL_FAST_MATH = YES;
				ONLY_ACTIVE_ARCH = YES;
				SDKROOT = iphoneos;
				SWIFT_ACTIVE_COMPILATION_CONDITIONS = DEBUG;
				SWIFT_OPTIMIZATION_LEVEL = "-Onone";
			};
			name = Debug;
		};
		3A6FA41E2A4F1C2E001C104E /* Release */ = {
			isa = XCBuildConfiguration;
			buildSettings = {
				ALWAYS_SEARCH_USER_PATHS = NO;
				CLANG_ANALYZER_NONNULL = YES;
				CLANG_ANALYZER_NUMBER_OBJECT_CONVERSION = YES_AGGRESSIVE;
				CLANG_CXX_LANGUAGE_STANDARD = "gnu++20";
				CLANG_ENABLE_MODULES = YES;
				CLANG_ENABLE_OBJC_ARC = YES;
				CLANG_ENABLE_OBJC_WEAK = YES;
				CLANG_WARN_BLOCK_CAPTURE_AUTORELEASING = YES;
				CLANG_WARN_BOOL_CONVERSION = YES;
				CLANG_WARN_COMMA = YES;
				CLANG_WARN_CONSTANT_CONVERSION = YES;
				CLANG_WARN_DEPRECATED_OBJC_IMPLEMENTATIONS = YES;
				CLANG_WARN_DIRECT_OBJC_ISA_USAGE = YES_ERROR;
				CLANG_WARN_DOCUMENTATION_COMMENTS = YES;
				CLANG_WARN_EMPTY_BODY = YES;
				CLANG_WARN_ENUM_CONVERSION = YES;
				CLANG_WARN_INFINITE_RECURSION = YES;
				CLANG_WARN_INT_CONVERSION = YES;
				CLANG_WARN_NON_LITERAL_NULL_CONVERSION = YES;
				CLANG_WARN_OBJC_IMPLICIT_RETAIN_SELF = YES;
				CLANG_WARN_OBJC_LITERAL_CONVERSION = YES;
				CLANG_WARN_OBJC_ROOT_CLASS = YES_ERROR;
				CLANG_WARN_QUOTED_INCLUDE_IN_FRAMEWORK_HEADER = YES;
				CLANG_WARN_RANGE_LOOP_ANALYSIS = YES;
				CLANG_WARN_STRICT_PROTOTYPES = YES;
				CLANG_WARN_SUSPICIOUS_MOVE = YES;
				CLANG_WARN_UNGUARDED_AVAILABILITY = YES_AGGRESSIVE;
				CLANG_WARN_UNREACHABLE_CODE = YES;
				CLANG_WARN__DUPLICATE_METHOD_MATCH = YES;
				COPY_PHASE_STRIP = NO;
				DEBUG_INFORMATION_FORMAT = "dwarf-with-dsym";
				ENABLE_NS_ASSERTIONS = NO;
				ENABLE_STRICT_OBJC_MSGSEND = YES;
				GCC_C_LANGUAGE_STANDARD = gnu11;
				GCC_NO_COMMON_BLOCKS = YES;
				GCC_WARN_64_TO_32_BIT_CONVERSION = YES;
				GCC_WARN_ABOUT_RETURN_TYPE = YES_ERROR;
				GCC_WARN_UNDECLARED_SELECTOR = YES;
				GCC_WARN_UNINITIALIZED_AUTOS = YES_AGGRESSIVE;
				GCC_WARN_UNUSED_FUNCTION = YES;
				GCC_WARN_UNUSED_VARIABLE = YES;
				IPHONEOS_DEPLOYMENT_TARGET = 16.4;
				MTL_ENABLE_DEBUG_INFO = NO;
				MTL_FAST_MATH = YES;
				SDKROOT = iphoneos;
				SWIFT_COMPILATION_MODE = wholemodule;
				SWIFT_OPTIMIZATION_LEVEL = "-O";
				VALIDATE_PRODUCT = YES;
			};
			name = Release;
		};
		3A6FA4202A4F1C2E001C104E /* Debug */ = {
			isa = XCBuildConfiguration;
			buildSettings = {
				ASSETCATALOG_COMPILER_APPICON_NAME = AppIcon;
				ASSETCATALOG_COMPILER_GLOBAL_ACCENT_COLOR_NAME = AccentColor;
				CODE_SIGN_STYLE = Automatic;
				CURRENT_PROJECT_VERSION = 1;
				DEVELOPMENT_TEAM = 3XJ9SSKA74;
				GENERATE_INFOPLIST_FILE = YES;
				INFOPLIST_FILE = MarvelVerse/Info.plist;
				INFOPLIST_KEY_UIApplicationSupportsIndirectInputEvents = YES;
				INFOPLIST_KEY_UILaunchStoryboardName = LaunchScreen;
				INFOPLIST_KEY_UISupportedInterfaceOrientations = UIInterfaceOrientationPortrait;
				INFOPLIST_KEY_UISupportedInterfaceOrientations_iPad = "UIInterfaceOrientationLandscapeLeft UIInterfaceOrientationLandscapeRight UIInterfaceOrientationPortrait UIInterfaceOrientationPortraitUpsideDown";
				IPHONEOS_DEPLOYMENT_TARGET = 15.0;
				LD_RUNPATH_SEARCH_PATHS = (
					"$(inherited)",
					"@executable_path/Frameworks",
				);
				MARKETING_VERSION = 1.0;
				PRODUCT_BUNDLE_IDENTIFIER = BasheerAbdulmalik.MarvelVerse;
				PRODUCT_NAME = "$(TARGET_NAME)";
				SUPPORTED_PLATFORMS = "iphoneos iphonesimulator";
				SUPPORTS_MACCATALYST = NO;
				SUPPORTS_MAC_DESIGNED_FOR_IPHONE_IPAD = NO;
				SWIFT_EMIT_LOC_STRINGS = YES;
				SWIFT_VERSION = 5.0;
				TARGETED_DEVICE_FAMILY = 1;
			};
			name = Debug;
		};
		3A6FA4212A4F1C2E001C104E /* Release */ = {
			isa = XCBuildConfiguration;
			buildSettings = {
				ASSETCATALOG_COMPILER_APPICON_NAME = AppIcon;
				ASSETCATALOG_COMPILER_GLOBAL_ACCENT_COLOR_NAME = AccentColor;
				CODE_SIGN_STYLE = Automatic;
				CURRENT_PROJECT_VERSION = 1;
				DEVELOPMENT_TEAM = 3XJ9SSKA74;
				GENERATE_INFOPLIST_FILE = YES;
				INFOPLIST_FILE = MarvelVerse/Info.plist;
				INFOPLIST_KEY_UIApplicationSupportsIndirectInputEvents = YES;
				INFOPLIST_KEY_UILaunchStoryboardName = LaunchScreen;
				INFOPLIST_KEY_UISupportedInterfaceOrientations = UIInterfaceOrientationPortrait;
				INFOPLIST_KEY_UISupportedInterfaceOrientations_iPad = "UIInterfaceOrientationLandscapeLeft UIInterfaceOrientationLandscapeRight UIInterfaceOrientationPortrait UIInterfaceOrientationPortraitUpsideDown";
				IPHONEOS_DEPLOYMENT_TARGET = 15.0;
				LD_RUNPATH_SEARCH_PATHS = (
					"$(inherited)",
					"@executable_path/Frameworks",
				);
				MARKETING_VERSION = 1.0;
				PRODUCT_BUNDLE_IDENTIFIER = BasheerAbdulmalik.MarvelVerse;
				PRODUCT_NAME = "$(TARGET_NAME)";
				SUPPORTED_PLATFORMS = "iphoneos iphonesimulator";
				SUPPORTS_MACCATALYST = NO;
				SUPPORTS_MAC_DESIGNED_FOR_IPHONE_IPAD = NO;
				SWIFT_EMIT_LOC_STRINGS = YES;
				SWIFT_VERSION = 5.0;
				TARGETED_DEVICE_FAMILY = 1;
			};
			name = Release;
		};
/* End XCBuildConfiguration section */

/* Begin XCConfigurationList section */
		3A6FA4062A4F1C2C001C104E /* Build configuration list for PBXProject "MarvelVerse" */ = {
			isa = XCConfigurationList;
			buildConfigurations = (
				3A6FA41D2A4F1C2E001C104E /* Debug */,
				3A6FA41E2A4F1C2E001C104E /* Release */,
			);
			defaultConfigurationIsVisible = 0;
			defaultConfigurationName = Release;
		};
		3A6FA41F2A4F1C2E001C104E /* Build configuration list for PBXNativeTarget "MarvelVerse" */ = {
			isa = XCConfigurationList;
			buildConfigurations = (
				3A6FA4202A4F1C2E001C104E /* Debug */,
				3A6FA4212A4F1C2E001C104E /* Release */,
			);
			defaultConfigurationIsVisible = 0;
			defaultConfigurationName = Release;
		};
/* End XCConfigurationList section */
	};
	rootObject = 3A6FA4032A4F1C2C001C104E /* Project object */;
}
